
Microsoft Visual Studio Solution File, Format Version 12.00
# Visual Studio Version 17
VisualStudioVersion = 17.7.34031.279
MinimumVisualStudioVersion = 10.0.40219.1
Project("{FAE04EC0-301F-11D3-BF4B-00C04F79EFBC}") = "Hasan.Badr.harjoitus13", "Hasan.Badr.harjoitus13.csproj", "{237672C5-F44B-453D-868B-42DE7F133C9D}"
EndProject
Global
	GlobalSection(SolutionConfigurationPlatforms) = preSolution
		Debug|Any CPU = Debug|Any CPU
		Release|Any CPU = Release|Any CPU
	EndGlobalSection
	GlobalSection(ProjectConfigurationPlatforms) = postSolution
		{237672C5-F44B-453D-868B-42DE7F133C9D}.Debug|Any CPU.ActiveCfg = Debug|Any CPU
		{237672C5-F44B-453D-868B-42DE7F133C9D}.Debug|Any CPU.Build.0 = Debug|Any CPU
		{237672C5-F44B-453D-868B-42DE7F133C9D}.Release|Any CPU.ActiveCfg = Release|Any CPU
		{237672C5-F44B-453D-868B-42DE7F133C9D}.Release|Any CPU.Build.0 = Release|Any CPU
	EndGlobalSection
	GlobalSection(SolutionProperties) = preSolution
		HideSolutionNode = FALSE
	EndGlobalSection
	GlobalSection(ExtensibilityGlobals) = postSolution
		SolutionGuid = {32C7799B-BBD9-4EC0-9963-F9A170789566}
	EndGlobalSection
EndGlobal
